
Microsoft Visual Studio Solution File, Format Version 12.00
# Visual Studio Version 16
VisualStudioVersion = 16.0.29911.84
MinimumVisualStudioVersion = 10.0.40219.1
Project("{FAE04EC0-301F-11D3-BF4B-00C04F79EFBC}") = "WebApplication1", "WebApplication1.csproj", "{16F445F1-241B-47F1-B5EB-37551B1D530D}"
EndProject
Global
	GlobalSection(SolutionConfigurationPlatforms) = preSolution
		Debug|Any CPU = Debug|Any CPU
		Release|Any CPU = Release|Any CPU
	EndGlobalSection
	GlobalSection(ProjectConfigurationPlatforms) = postSolution
		{16F445F1-241B-47F1-B5EB-37551B1D530D}.Debug|Any CPU.ActiveCfg = Debug|Any CPU
		{16F445F1-241B-47F1-B5EB-37551B1D530D}.Debug|Any CPU.Build.0 = Debug|Any CPU
		{16F445F1-241B-47F1-B5EB-37551B1D530D}.Release|Any CPU.ActiveCfg = Release|Any CPU
		{16F445F1-241B-47F1-B5EB-37551B1D530D}.Release|Any CPU.Build.0 = Release|Any CPU
	EndGlobalSection
	GlobalSection(SolutionProperties) = preSolution
		HideSolutionNode = FALSE
	EndGlobalSection
	GlobalSection(ExtensibilityGlobals) = postSolution
		SolutionGuid = {7AC3FA7E-EEFE-4C9A-8670-8550431BDA0E}
	EndGlobalSection
EndGlobal
